// !$*UTF8*$!
{
	archiveVersion = 1;
	classes = {
	};
	objectVersion = 50;
	objects = {

/* Begin PBXBuildFile section */
		49112174242356CD006ABF22 /* main.cpp in Sources */ = {isa = PBXBuildFile; fileRef = 49112173242356CD006ABF22 /* main.cpp */; };
		4911218E24235D55006ABF22 /* main.cpp in Sources */ = {isa = PBXBuildFile; fileRef = 4911218D24235D55006ABF22 /* main.cpp */; };
		4960979B243DB270000A3559 /* main.cpp in Sources */ = {isa = PBXBuildFile; fileRef = 4960979A243DB270000A3559 /* main.cpp */; };
		4980CA8B2425D33D00CA5C6C /* main.cpp in Sources */ = {isa = PBXBuildFile; fileRef = 4980CA8A2425D33D00CA5C6C /* main.cpp */; };
		4980CA962425D5C400CA5C6C /* main.cpp in Sources */ = {isa = PBXBuildFile; fileRef = 4980CA952425D5C400CA5C6C /* main.cpp */; };
		4980CAA12425D7D100CA5C6C /* main.cpp in Sources */ = {isa = PBXBuildFile; fileRef = 4980CAA02425D7D100CA5C6C /* main.cpp */; };
		4980CAAC2425E6BE00CA5C6C /* main.cpp in Sources */ = {isa = PBXBuildFile; fileRef = 4980CAAB2425E6BE00CA5C6C /* main.cpp */; };
		4980CAB72425F6AF00CA5C6C /* main.cpp in Sources */ = {isa = PBXBuildFile; fileRef = 4980CAB62425F6AF00CA5C6C /* main.cpp */; };
		4980CAC22425F77900CA5C6C /* main.cpp in Sources */ = {isa = PBXBuildFile; fileRef = 4980CAC12425F77900CA5C6C /* main.cpp */; };
		49850CDA24ADD3F200F47E49 /* main.c in Sources */ = {isa = PBXBuildFile; fileRef = 49850CD924ADD3F200F47E49 /* main.c */; };
		49A92122243320C9009825D3 /* main.cpp in Sources */ = {isa = PBXBuildFile; fileRef = 49A92121243320C9009825D3 /* main.cpp */; };
		49A9212D243323D3009825D3 /* main.cpp in Sources */ = {isa = PBXBuildFile; fileRef = 49A9212C243323D3009825D3 /* main.cpp */; };
		49A9213824332528009825D3 /* main.cpp in Sources */ = {isa = PBXBuildFile; fileRef = 49A9213724332528009825D3 /* main.cpp */; };
		49CB722B242DE92A00F9C7E8 /* main.cpp in Sources */ = {isa = PBXBuildFile; fileRef = 49CB722A242DE92A00F9C7E8 /* main.cpp */; };
		49CB7236242DEE7900F9C7E8 /* main.cpp in Sources */ = {isa = PBXBuildFile; fileRef = 49CB7235242DEE7900F9C7E8 /* main.cpp */; };
		49CB7241242E23A500F9C7E8 /* main.cpp in Sources */ = {isa = PBXBuildFile; fileRef = 49CB7240242E23A500F9C7E8 /* main.cpp */; };
		49CB724C242E2F9200F9C7E8 /* main.cpp in Sources */ = {isa = PBXBuildFile; fileRef = 49CB724B242E2F9200F9C7E8 /* main.cpp */; };
		49CB7BB8242F272500286C06 /* main.cpp in Sources */ = {isa = PBXBuildFile; fileRef = 49CB7BB7242F272500286C06 /* main.cpp */; };
		49D22A662428AC1600012B84 /* main.cpp in Sources */ = {isa = PBXBuildFile; fileRef = 49D22A652428AC1600012B84 /* main.cpp */; };
		49D22A712428AE6700012B84 /* main.cpp in Sources */ = {isa = PBXBuildFile; fileRef = 49D22A702428AE6700012B84 /* main.cpp */; };
		49D22A7C2428B1AA00012B84 /* main.cpp in Sources */ = {isa = PBXBuildFile; fileRef = 49D22A7B2428B1AA00012B84 /* main.cpp */; };
		49D22A872428B27300012B84 /* main.cpp in Sources */ = {isa = PBXBuildFile; fileRef = 49D22A862428B27300012B84 /* main.cpp */; };
		49F9B45A2424FB1D00BB8628 /* main.cpp in Sources */ = {isa = PBXBuildFile; fileRef = 49F9B4592424FB1D00BB8628 /* main.cpp */; };
		49F9B4622424FDA700BB8628 /* main.cpp in Sources */ = {isa = PBXBuildFile; fileRef = 49F9B4612424FDA700BB8628 /* main.cpp */; };
		49F9B46D2425021C00BB8628 /* main.cpp in Sources */ = {isa = PBXBuildFile; fileRef = 49F9B46C2425021C00BB8628 /* main.cpp */; };
/* End PBXBuildFile section */

/* Begin PBXCopyFilesBuildPhase section */
		4911216F242356CD006ABF22 /* CopyFiles */ = {
			isa = PBXCopyFilesBuildPhase;
			buildActionMask = 2147483647;
			dstPath = /usr/share/man/man1/;
			dstSubfolderSpec = 0;
			files = (
			);
			runOnlyForDeploymentPostprocessing = 1;
		};
		4911217A242359D8006ABF22 /* CopyFiles */ = {
			isa = PBXCopyFilesBuildPhase;
			buildActionMask = 2147483647;
			dstPath = /usr/share/man/man1/;
			dstSubfolderSpec = 0;
			files = (
			);
			runOnlyForDeploymentPostprocessing = 1;
		};
		4911218924235D55006ABF22 /* CopyFiles */ = {
			isa = PBXCopyFilesBuildPhase;
			buildActionMask = 2147483647;
			dstPath = /usr/share/man/man1/;
			dstSubfolderSpec = 0;
			files = (
			);
			runOnlyForDeploymentPostprocessing = 1;
		};
		49609796243DB270000A3559 /* CopyFiles */ = {
			isa = PBXCopyFilesBuildPhase;
			buildActionMask = 2147483647;
			dstPath = /usr/share/man/man1/;
			dstSubfolderSpec = 0;
			files = (
			);
			runOnlyForDeploymentPostprocessing = 1;
		};
		4980CA862425D33C00CA5C6C /* CopyFiles */ = {
			isa = PBXCopyFilesBuildPhase;
			buildActionMask = 2147483647;
			dstPath = /usr/share/man/man1/;
			dstSubfolderSpec = 0;
			files = (
			);
			runOnlyForDeploymentPostprocessing = 1;
		};
		4980CA912425D5C400CA5C6C /* CopyFiles */ = {
			isa = PBXCopyFilesBuildPhase;
			buildActionMask = 2147483647;
			dstPath = /usr/share/man/man1/;
			dstSubfolderSpec = 0;
			files = (
			);
			runOnlyForDeploymentPostprocessing = 1;
		};
		4980CA9C2425D7D100CA5C6C /* CopyFiles */ = {
			isa = PBXCopyFilesBuildPhase;
			buildActionMask = 2147483647;
			dstPath = /usr/share/man/man1/;
			dstSubfolderSpec = 0;
			files = (
			);
			runOnlyForDeploymentPostprocessing = 1;
		};
		4980CAA72425E6BE00CA5C6C /* CopyFiles */ = {
			isa = PBXCopyFilesBuildPhase;
			buildActionMask = 2147483647;
			dstPath = /usr/share/man/man1/;
			dstSubfolderSpec = 0;
			files = (
			);
			runOnlyForDeploymentPostprocessing = 1;
		};
		4980CAB22425F6AF00CA5C6C /* CopyFiles */ = {
			isa = PBXCopyFilesBuildPhase;
			buildActionMask = 2147483647;
			dstPath = /usr/share/man/man1/;
			dstSubfolderSpec = 0;
			files = (
			);
			runOnlyForDeploymentPostprocessing = 1;
		};
		4980CABD2425F77900CA5C6C /* CopyFiles */ = {
			isa = PBXCopyFilesBuildPhase;
			buildActionMask = 2147483647;
			dstPath = /usr/share/man/man1/;
			dstSubfolderSpec = 0;
			files = (
			);
			runOnlyForDeploymentPostprocessing = 1;
		};
		49850CD524ADD3F200F47E49 /* CopyFiles */ = {
			isa = PBXCopyFilesBuildPhase;
			buildActionMask = 2147483647;
			dstPath = /usr/share/man/man1/;
			dstSubfolderSpec = 0;
			files = (
			);
			runOnlyForDeploymentPostprocessing = 1;
		};
		49A9211D243320C9009825D3 /* CopyFiles */ = {
			isa = PBXCopyFilesBuildPhase;
			buildActionMask = 2147483647;
			dstPath = /usr/share/man/man1/;
			dstSubfolderSpec = 0;
			files = (
			);
			runOnlyForDeploymentPostprocessing = 1;
		};
		49A92128243323D3009825D3 /* CopyFiles */ = {
			isa = PBXCopyFilesBuildPhase;
			buildActionMask = 2147483647;
			dstPath = /usr/share/man/man1/;
			dstSubfolderSpec = 0;
			files = (
			);
			runOnlyForDeploymentPostprocessing = 1;
		};
		49A9213324332528009825D3 /* CopyFiles */ = {
			isa = PBXCopyFilesBuildPhase;
			buildActionMask = 2147483647;
			dstPath = /usr/share/man/man1/;
			dstSubfolderSpec = 0;
			files = (
			);
			runOnlyForDeploymentPostprocessing = 1;
		};
		49CB7226242DE92A00F9C7E8 /* CopyFiles */ = {
			isa = PBXCopyFilesBuildPhase;
			buildActionMask = 2147483647;
			dstPath = /usr/share/man/man1/;
			dstSubfolderSpec = 0;
			files = (
			);
			runOnlyForDeploymentPostprocessing = 1;
		};
		49CB7231242DEE7900F9C7E8 /* CopyFiles */ = {
			isa = PBXCopyFilesBuildPhase;
			buildActionMask = 2147483647;
			dstPath = /usr/share/man/man1/;
			dstSubfolderSpec = 0;
			files = (
			);
			runOnlyForDeploymentPostprocessing = 1;
		};
		49CB723C242E23A400F9C7E8 /* CopyFiles */ = {
			isa = PBXCopyFilesBuildPhase;
			buildActionMask = 2147483647;
			dstPath = /usr/share/man/man1/;
			dstSubfolderSpec = 0;
			files = (
			);
			runOnlyForDeploymentPostprocessing = 1;
		};
		49CB7247242E2F9100F9C7E8 /* CopyFiles */ = {
			isa = PBXCopyFilesBuildPhase;
			buildActionMask = 2147483647;
			dstPath = /usr/share/man/man1/;
			dstSubfolderSpec = 0;
			files = (
			);
			runOnlyForDeploymentPostprocessing = 1;
		};
		49CB7BB3242F272500286C06 /* CopyFiles */ = {
			isa = PBXCopyFilesBuildPhase;
			buildActionMask = 2147483647;
			dstPath = /usr/share/man/man1/;
			dstSubfolderSpec = 0;
			files = (
			);
			runOnlyForDeploymentPostprocessing = 1;
		};
		49D22A612428AC1600012B84 /* CopyFiles */ = {
			isa = PBXCopyFilesBuildPhase;
			buildActionMask = 2147483647;
			dstPath = /usr/share/man/man1/;
			dstSubfolderSpec = 0;
			files = (
			);
			runOnlyForDeploymentPostprocessing = 1;
		};
		49D22A6C2428AE6700012B84 /* CopyFiles */ = {
			isa = PBXCopyFilesBuildPhase;
			buildActionMask = 2147483647;
			dstPath = /usr/share/man/man1/;
			dstSubfolderSpec = 0;
			files = (
			);
			runOnlyForDeploymentPostprocessing = 1;
		};
		49D22A772428B1AA00012B84 /* CopyFiles */ = {
			isa = PBXCopyFilesBuildPhase;
			buildActionMask = 2147483647;
			dstPath = /usr/share/man/man1/;
			dstSubfolderSpec = 0;
			files = (
			);
			runOnlyForDeploymentPostprocessing = 1;
		};
		49D22A822428B27300012B84 /* CopyFiles */ = {
			isa = PBXCopyFilesBuildPhase;
			buildActionMask = 2147483647;
			dstPath = /usr/share/man/man1/;
			dstSubfolderSpec = 0;
			files = (
			);
			runOnlyForDeploymentPostprocessing = 1;
		};
		49F9B45D2424FDA700BB8628 /* CopyFiles */ = {
			isa = PBXCopyFilesBuildPhase;
			buildActionMask = 2147483647;
			dstPath = /usr/share/man/man1/;
			dstSubfolderSpec = 0;
			files = (
			);
			runOnlyForDeploymentPostprocessing = 1;
		};
		49F9B4682425021C00BB8628 /* CopyFiles */ = {
			isa = PBXCopyFilesBuildPhase;
			buildActionMask = 2147483647;
			dstPath = /usr/share/man/man1/;
			dstSubfolderSpec = 0;
			files = (
			);
			runOnlyForDeploymentPostprocessing = 1;
		};
/* End PBXCopyFilesBuildPhase section */

/* Begin PBXFileReference section */
		49112171242356CD006ABF22 /* 11-1-2 */ = {isa = PBXFileReference; explicitFileType = "compiled.mach-o.executable"; includeInIndex = 0; path = "11-1-2"; sourceTree = BUILT_PRODUCTS_DIR; };
		49112173242356CD006ABF22 /* main.cpp */ = {isa = PBXFileReference; lastKnownFileType = sourcecode.cpp.cpp; path = main.cpp; sourceTree = "<group>"; };
		4911217C242359D8006ABF22 /* 11-1-1 */ = {isa = PBXFileReference; explicitFileType = "compiled.mach-o.executable"; includeInIndex = 0; path = "11-1-1"; sourceTree = BUILT_PRODUCTS_DIR; };
		4911218B24235D55006ABF22 /* 11-2-1 */ = {isa = PBXFileReference; explicitFileType = "compiled.mach-o.executable"; includeInIndex = 0; path = "11-2-1"; sourceTree = BUILT_PRODUCTS_DIR; };
		4911218D24235D55006ABF22 /* main.cpp */ = {isa = PBXFileReference; lastKnownFileType = sourcecode.cpp.cpp; path = main.cpp; sourceTree = "<group>"; };
		49609798243DB270000A3559 /* 17-1 */ = {isa = PBXFileReference; explicitFileType = "compiled.mach-o.executable"; includeInIndex = 0; path = "17-1"; sourceTree = BUILT_PRODUCTS_DIR; };
		4960979A243DB270000A3559 /* main.cpp */ = {isa = PBXFileReference; lastKnownFileType = sourcecode.cpp.cpp; path = main.cpp; sourceTree = "<group>"; };
		4980CA882425D33C00CA5C6C /* 12-1-1 */ = {isa = PBXFileReference; explicitFileType = "compiled.mach-o.executable"; includeInIndex = 0; path = "12-1-1"; sourceTree = BUILT_PRODUCTS_DIR; };
		4980CA8A2425D33D00CA5C6C /* main.cpp */ = {isa = PBXFileReference; lastKnownFileType = sourcecode.cpp.cpp; path = main.cpp; sourceTree = "<group>"; };
		4980CA932425D5C400CA5C6C /* 12-1-2 */ = {isa = PBXFileReference; explicitFileType = "compiled.mach-o.executable"; includeInIndex = 0; path = "12-1-2"; sourceTree = BUILT_PRODUCTS_DIR; };
		4980CA952425D5C400CA5C6C /* main.cpp */ = {isa = PBXFileReference; lastKnownFileType = sourcecode.cpp.cpp; path = main.cpp; sourceTree = "<group>"; };
		4980CA9E2425D7D100CA5C6C /* 13-1-1 */ = {isa = PBXFileReference; explicitFileType = "compiled.mach-o.executable"; includeInIndex = 0; path = "13-1-1"; sourceTree = BUILT_PRODUCTS_DIR; };
		4980CAA02425D7D100CA5C6C /* main.cpp */ = {isa = PBXFileReference; lastKnownFileType = sourcecode.cpp.cpp; path = main.cpp; sourceTree = "<group>"; };
		4980CAA92425E6BE00CA5C6C /* 13-1-2 */ = {isa = PBXFileReference; explicitFileType = "compiled.mach-o.executable"; includeInIndex = 0; path = "13-1-2"; sourceTree = BUILT_PRODUCTS_DIR; };
		4980CAAB2425E6BE00CA5C6C /* main.cpp */ = {isa = PBXFileReference; lastKnownFileType = sourcecode.cpp.cpp; path = main.cpp; sourceTree = "<group>"; };
		4980CAB42425F6AF00CA5C6C /* 13-1-3 */ = {isa = PBXFileReference; explicitFileType = "compiled.mach-o.executable"; includeInIndex = 0; path = "13-1-3"; sourceTree = BUILT_PRODUCTS_DIR; };
		4980CAB62425F6AF00CA5C6C /* main.cpp */ = {isa = PBXFileReference; lastKnownFileType = sourcecode.cpp.cpp; path = main.cpp; sourceTree = "<group>"; };
		4980CABF2425F77900CA5C6C /* 13-1-4 */ = {isa = PBXFileReference; explicitFileType = "compiled.mach-o.executable"; includeInIndex = 0; path = "13-1-4"; sourceTree = BUILT_PRODUCTS_DIR; };
		4980CAC12425F77900CA5C6C /* main.cpp */ = {isa = PBXFileReference; lastKnownFileType = sourcecode.cpp.cpp; path = main.cpp; sourceTree = "<group>"; };
		49850CD724ADD3F200F47E49 /* 20-1 */ = {isa = PBXFileReference; explicitFileType = "compiled.mach-o.executable"; includeInIndex = 0; path = "20-1"; sourceTree = BUILT_PRODUCTS_DIR; };
		49850CD924ADD3F200F47E49 /* main.c */ = {isa = PBXFileReference; lastKnownFileType = sourcecode.c.c; path = main.c; sourceTree = "<group>"; };
		49A9211F243320C9009825D3 /* 16-1-1 */ = {isa = PBXFileReference; explicitFileType = "compiled.mach-o.executable"; includeInIndex = 0; path = "16-1-1"; sourceTree = BUILT_PRODUCTS_DIR; };
		49A92121243320C9009825D3 /* main.cpp */ = {isa = PBXFileReference; lastKnownFileType = sourcecode.cpp.cpp; path = main.cpp; sourceTree = "<group>"; };
		49A9212A243323D3009825D3 /* 16-1-2 */ = {isa = PBXFileReference; explicitFileType = "compiled.mach-o.executable"; includeInIndex = 0; path = "16-1-2"; sourceTree = BUILT_PRODUCTS_DIR; };
		49A9212C243323D3009825D3 /* main.cpp */ = {isa = PBXFileReference; lastKnownFileType = sourcecode.cpp.cpp; path = main.cpp; sourceTree = "<group>"; };
		49A9213524332528009825D3 /* 16-1-3 */ = {isa = PBXFileReference; explicitFileType = "compiled.mach-o.executable"; includeInIndex = 0; path = "16-1-3"; sourceTree = BUILT_PRODUCTS_DIR; };
		49A9213724332528009825D3 /* main.cpp */ = {isa = PBXFileReference; lastKnownFileType = sourcecode.cpp.cpp; path = main.cpp; sourceTree = "<group>"; };
		49CB7228242DE92A00F9C7E8 /* 15-1 */ = {isa = PBXFileReference; explicitFileType = "compiled.mach-o.executable"; includeInIndex = 0; path = "15-1"; sourceTree = BUILT_PRODUCTS_DIR; };
		49CB722A242DE92A00F9C7E8 /* main.cpp */ = {isa = PBXFileReference; lastKnownFileType = sourcecode.cpp.cpp; path = main.cpp; sourceTree = "<group>"; };
		49CB7233242DEE7900F9C7E8 /* 15-2 */ = {isa = PBXFileReference; explicitFileType = "compiled.mach-o.executable"; includeInIndex = 0; path = "15-2"; sourceTree = BUILT_PRODUCTS_DIR; };
		49CB7235242DEE7900F9C7E8 /* main.cpp */ = {isa = PBXFileReference; lastKnownFileType = sourcecode.cpp.cpp; path = main.cpp; sourceTree = "<group>"; };
		49CB723E242E23A400F9C7E8 /* 15-3 */ = {isa = PBXFileReference; explicitFileType = "compiled.mach-o.executable"; includeInIndex = 0; path = "15-3"; sourceTree = BUILT_PRODUCTS_DIR; };
		49CB7240242E23A500F9C7E8 /* main.cpp */ = {isa = PBXFileReference; lastKnownFileType = sourcecode.cpp.cpp; path = main.cpp; sourceTree = "<group>"; };
		49CB7249242E2F9100F9C7E8 /* 15-4 */ = {isa = PBXFileReference; explicitFileType = "compiled.mach-o.executable"; includeInIndex = 0; path = "15-4"; sourceTree = BUILT_PRODUCTS_DIR; };
		49CB724B242E2F9200F9C7E8 /* main.cpp */ = {isa = PBXFileReference; lastKnownFileType = sourcecode.cpp.cpp; path = main.cpp; sourceTree = "<group>"; };
		49CB7BB5242F272500286C06 /* 15-5 */ = {isa = PBXFileReference; explicitFileType = "compiled.mach-o.executable"; includeInIndex = 0; path = "15-5"; sourceTree = BUILT_PRODUCTS_DIR; };
		49CB7BB7242F272500286C06 /* main.cpp */ = {isa = PBXFileReference; lastKnownFileType = sourcecode.cpp.cpp; path = main.cpp; sourceTree = "<group>"; };
		49D22A632428AC1600012B84 /* 14-1-1 */ = {isa = PBXFileReference; explicitFileType = "compiled.mach-o.executable"; includeInIndex = 0; path = "14-1-1"; sourceTree = BUILT_PRODUCTS_DIR; };
		49D22A652428AC1600012B84 /* main.cpp */ = {isa = PBXFileReference; lastKnownFileType = sourcecode.cpp.cpp; path = main.cpp; sourceTree = "<group>"; };
		49D22A6E2428AE6700012B84 /* 14-1-2 */ = {isa = PBXFileReference; explicitFileType = "compiled.mach-o.executable"; includeInIndex = 0; path = "14-1-2"; sourceTree = BUILT_PRODUCTS_DIR; };
		49D22A702428AE6700012B84 /* main.cpp */ = {isa = PBXFileReference; lastKnownFileType = sourcecode.cpp.cpp; path = main.cpp; sourceTree = "<group>"; };
		49D22A792428B1AA00012B84 /* 14-2-1 */ = {isa = PBXFileReference; explicitFileType = "compiled.mach-o.executable"; includeInIndex = 0; path = "14-2-1"; sourceTree = BUILT_PRODUCTS_DIR; };
		49D22A7B2428B1AA00012B84 /* main.cpp */ = {isa = PBXFileReference; lastKnownFileType = sourcecode.cpp.cpp; path = main.cpp; sourceTree = "<group>"; };
		49D22A842428B27300012B84 /* 14-2-2 */ = {isa = PBXFileReference; explicitFileType = "compiled.mach-o.executable"; includeInIndex = 0; path = "14-2-2"; sourceTree = BUILT_PRODUCTS_DIR; };
		49D22A862428B27300012B84 /* main.cpp */ = {isa = PBXFileReference; lastKnownFileType = sourcecode.cpp.cpp; path = main.cpp; sourceTree = "<group>"; };
		49F9B4592424FB1D00BB8628 /* main.cpp */ = {isa = PBXFileReference; lastKnownFileType = sourcecode.cpp.cpp; path = main.cpp; sourceTree = "<group>"; };
		49F9B45F2424FDA700BB8628 /* 11-2-2 */ = {isa = PBXFileReference; explicitFileType = "compiled.mach-o.executable"; includeInIndex = 0; path = "11-2-2"; sourceTree = BUILT_PRODUCTS_DIR; };
		49F9B4612424FDA700BB8628 /* main.cpp */ = {isa = PBXFileReference; lastKnownFileType = sourcecode.cpp.cpp; path = main.cpp; sourceTree = "<group>"; };
		49F9B46A2425021C00BB8628 /* 11-2-3 */ = {isa = PBXFileReference; explicitFileType = "compiled.mach-o.executable"; includeInIndex = 0; path = "11-2-3"; sourceTree = BUILT_PRODUCTS_DIR; };
		49F9B46C2425021C00BB8628 /* main.cpp */ = {isa = PBXFileReference; lastKnownFileType = sourcecode.cpp.cpp; path = main.cpp; sourceTree = "<group>"; };
/* End PBXFileReference section */

/* Begin PBXFrameworksBuildPhase section */
		4911216E242356CD006ABF22 /* Frameworks */ = {
			isa = PBXFrameworksBuildPhase;
			buildActionMask = 2147483647;
			files = (
			);
			runOnlyForDeploymentPostprocessing = 0;
		};
		49112179242359D8006ABF22 /* Frameworks */ = {
			isa = PBXFrameworksBuildPhase;
			buildActionMask = 2147483647;
			files = (
			);
			runOnlyForDeploymentPostprocessing = 0;
		};
		4911218824235D55006ABF22 /* Frameworks */ = {
			isa = PBXFrameworksBuildPhase;
			buildActionMask = 2147483647;
			files = (
			);
			runOnlyForDeploymentPostprocessing = 0;
		};
		49609795243DB270000A3559 /* Frameworks */ = {
			isa = PBXFrameworksBuildPhase;
			buildActionMask = 2147483647;
			files = (
			);
			runOnlyForDeploymentPostprocessing = 0;
		};
		4980CA852425D33C00CA5C6C /* Frameworks */ = {
			isa = PBXFrameworksBuildPhase;
			buildActionMask = 2147483647;
			files = (
			);
			runOnlyForDeploymentPostprocessing = 0;
		};
		4980CA902425D5C400CA5C6C /* Frameworks */ = {
			isa = PBXFrameworksBuildPhase;
			buildActionMask = 2147483647;
			files = (
			);
			runOnlyForDeploymentPostprocessing = 0;
		};
		4980CA9B2425D7D100CA5C6C /* Frameworks */ = {
			isa = PBXFrameworksBuildPhase;
			buildActionMask = 2147483647;
			files = (
			);
			runOnlyForDeploymentPostprocessing = 0;
		};
		4980CAA62425E6BE00CA5C6C /* Frameworks */ = {
			isa = PBXFrameworksBuildPhase;
			buildActionMask = 2147483647;
			files = (
			);
			runOnlyForDeploymentPostprocessing = 0;
		};
		4980CAB12425F6AF00CA5C6C /* Frameworks */ = {
			isa = PBXFrameworksBuildPhase;
			buildActionMask = 2147483647;
			files = (
			);
			runOnlyForDeploymentPostprocessing = 0;
		};
		4980CABC2425F77900CA5C6C /* Frameworks */ = {
			isa = PBXFrameworksBuildPhase;
			buildActionMask = 2147483647;
			files = (
			);
			runOnlyForDeploymentPostprocessing = 0;
		};
		49850CD424ADD3F200F47E49 /* Frameworks */ = {
			isa = PBXFrameworksBuildPhase;
			buildActionMask = 2147483647;
			files = (
			);
			runOnlyForDeploymentPostprocessing = 0;
		};
		49A9211C243320C9009825D3 /* Frameworks */ = {
			isa = PBXFrameworksBuildPhase;
			buildActionMask = 2147483647;
			files = (
			);
			runOnlyForDeploymentPostprocessing = 0;
		};
		49A92127243323D3009825D3 /* Frameworks */ = {
			isa = PBXFrameworksBuildPhase;
			buildActionMask = 2147483647;
			files = (
			);
			runOnlyForDeploymentPostprocessing = 0;
		};
		49A9213224332528009825D3 /* Frameworks */ = {
			isa = PBXFrameworksBuildPhase;
			buildActionMask = 2147483647;
			files = (
			);
			runOnlyForDeploymentPostprocessing = 0;
		};
		49CB7225242DE92A00F9C7E8 /* Frameworks */ = {
			isa = PBXFrameworksBuildPhase;
			buildActionMask = 2147483647;
			files = (
			);
			runOnlyForDeploymentPostprocessing = 0;
		};
		49CB7230242DEE7900F9C7E8 /* Frameworks */ = {
			isa = PBXFrameworksBuildPhase;
			buildActionMask = 2147483647;
			files = (
			);
			runOnlyForDeploymentPostprocessing = 0;
		};
		49CB723B242E23A400F9C7E8 /* Frameworks */ = {
			isa = PBXFrameworksBuildPhase;
			buildActionMask = 2147483647;
			files = (
			);
			runOnlyForDeploymentPostprocessing = 0;
		};
		49CB7246242E2F9100F9C7E8 /* Frameworks */ = {
			isa = PBXFrameworksBuildPhase;
			buildActionMask = 2147483647;
			files = (
			);
			runOnlyForDeploymentPostprocessing = 0;
		};
		49CB7BB2242F272500286C06 /* Frameworks */ = {
			isa = PBXFrameworksBuildPhase;
			buildActionMask = 2147483647;
			files = (
			);
			runOnlyForDeploymentPostprocessing = 0;
		};
		49D22A602428AC1600012B84 /* Frameworks */ = {
			isa = PBXFrameworksBuildPhase;
			buildActionMask = 2147483647;
			files = (
			);
			runOnlyForDeploymentPostprocessing = 0;
		};
		49D22A6B2428AE6700012B84 /* Frameworks */ = {
			isa = PBXFrameworksBuildPhase;
			buildActionMask = 2147483647;
			files = (
			);
			runOnlyForDeploymentPostprocessing = 0;
		};
		49D22A762428B1AA00012B84 /* Frameworks */ = {
			isa = PBXFrameworksBuildPhase;
			buildActionMask = 2147483647;
			files = (
			);
			runOnlyForDeploymentPostprocessing = 0;
		};
		49D22A812428B27300012B84 /* Frameworks */ = {
			isa = PBXFrameworksBuildPhase;
			buildActionMask = 2147483647;
			files = (
			);
			runOnlyForDeploymentPostprocessing = 0;
		};
		49F9B45C2424FDA700BB8628 /* Frameworks */ = {
			isa = PBXFrameworksBuildPhase;
			buildActionMask = 2147483647;
			files = (
			);
			runOnlyForDeploymentPostprocessing = 0;
		};
		49F9B4672425021C00BB8628 /* Frameworks */ = {
			isa = PBXFrameworksBuildPhase;
			buildActionMask = 2147483647;
			files = (
			);
			runOnlyForDeploymentPostprocessing = 0;
		};
/* End PBXFrameworksBuildPhase section */

/* Begin PBXGroup section */
		4911215A242355A6006ABF22 = {
			isa = PBXGroup;
			children = (
				4911217D242359D8006ABF22 /* 11-1-1 */,
				49112172242356CD006ABF22 /* 11-1-2 */,
				4911218C24235D55006ABF22 /* 11-2-1 */,
				49F9B4602424FDA700BB8628 /* 11-2-2 */,
				49F9B46B2425021C00BB8628 /* 11-2-3 */,
				4980CA892425D33D00CA5C6C /* 12-1-1 */,
				4980CA942425D5C400CA5C6C /* 12-1-2 */,
				4980CA9F2425D7D100CA5C6C /* 13-1-1 */,
				4980CAAA2425E6BE00CA5C6C /* 13-1-2 */,
				4980CAB52425F6AF00CA5C6C /* 13-1-3 */,
				4980CAC02425F77900CA5C6C /* 13-1-4 */,
				49D22A642428AC1600012B84 /* 14-1-1 */,
				49D22A6F2428AE6700012B84 /* 14-1-2 */,
				49D22A7A2428B1AA00012B84 /* 14-2-1 */,
				49D22A852428B27300012B84 /* 14-2-2 */,
				49CB7229242DE92A00F9C7E8 /* 15-1 */,
				49CB7234242DEE7900F9C7E8 /* 15-2 */,
				49CB723F242E23A400F9C7E8 /* 15-3 */,
				49CB724A242E2F9200F9C7E8 /* 15-4 */,
				49CB7BB6242F272500286C06 /* 15-5 */,
				49A92120243320C9009825D3 /* 16-1-1 */,
				49A9212B243323D3009825D3 /* 16-1-2 */,
				49A9213624332528009825D3 /* 16-1-3 */,
				49609799243DB270000A3559 /* 17-1 */,
				49850CD824ADD3F200F47E49 /* 20-1 */,
				49112164242355A7006ABF22 /* Products */,
			);
			sourceTree = "<group>";
		};
		49112164242355A7006ABF22 /* Products */ = {
			isa = PBXGroup;
			children = (
				49112171242356CD006ABF22 /* 11-1-2 */,
				4911217C242359D8006ABF22 /* 11-1-1 */,
				4911218B24235D55006ABF22 /* 11-2-1 */,
				49F9B45F2424FDA700BB8628 /* 11-2-2 */,
				49F9B46A2425021C00BB8628 /* 11-2-3 */,
				4980CA882425D33C00CA5C6C /* 12-1-1 */,
				4980CA932425D5C400CA5C6C /* 12-1-2 */,
				4980CA9E2425D7D100CA5C6C /* 13-1-1 */,
				4980CAA92425E6BE00CA5C6C /* 13-1-2 */,
				4980CAB42425F6AF00CA5C6C /* 13-1-3 */,
				4980CABF2425F77900CA5C6C /* 13-1-4 */,
				49D22A632428AC1600012B84 /* 14-1-1 */,
				49D22A6E2428AE6700012B84 /* 14-1-2 */,
				49D22A792428B1AA00012B84 /* 14-2-1 */,
				49D22A842428B27300012B84 /* 14-2-2 */,
				49CB7228242DE92A00F9C7E8 /* 15-1 */,
				49CB7233242DEE7900F9C7E8 /* 15-2 */,
				49CB723E242E23A400F9C7E8 /* 15-3 */,
				49CB7249242E2F9100F9C7E8 /* 15-4 */,
				49CB7BB5242F272500286C06 /* 15-5 */,
				49A9211F243320C9009825D3 /* 16-1-1 */,
				49A9212A243323D3009825D3 /* 16-1-2 */,
				49A9213524332528009825D3 /* 16-1-3 */,
				49609798243DB270000A3559 /* 17-1 */,
				49850CD724ADD3F200F47E49 /* 20-1 */,
			);
			name = Products;
			sourceTree = "<group>";
		};
		49112172242356CD006ABF22 /* 11-1-2 */ = {
			isa = PBXGroup;
			children = (
				49112173242356CD006ABF22 /* main.cpp */,
			);
			path = "11-1-2";
			sourceTree = "<group>";
		};
		4911217D242359D8006ABF22 /* 11-1-1 */ = {
			isa = PBXGroup;
			children = (
				49F9B4592424FB1D00BB8628 /* main.cpp */,
			);
			path = "11-1-1";
			sourceTree = "<group>";
		};
		4911218C24235D55006ABF22 /* 11-2-1 */ = {
			isa = PBXGroup;
			children = (
				4911218D24235D55006ABF22 /* main.cpp */,
			);
			path = "11-2-1";
			sourceTree = "<group>";
		};
		49609799243DB270000A3559 /* 17-1 */ = {
			isa = PBXGroup;
			children = (
				4960979A243DB270000A3559 /* main.cpp */,
			);
			path = "17-1";
			sourceTree = "<group>";
		};
		4980CA892425D33D00CA5C6C /* 12-1-1 */ = {
			isa = PBXGroup;
			children = (
				4980CA8A2425D33D00CA5C6C /* main.cpp */,
			);
			path = "12-1-1";
			sourceTree = "<group>";
		};
		4980CA942425D5C400CA5C6C /* 12-1-2 */ = {
			isa = PBXGroup;
			children = (
				4980CA952425D5C400CA5C6C /* main.cpp */,
			);
			path = "12-1-2";
			sourceTree = "<group>";
		};
		4980CA9F2425D7D100CA5C6C /* 13-1-1 */ = {
			isa = PBXGroup;
			children = (
				4980CAA02425D7D100CA5C6C /* main.cpp */,
			);
			path = "13-1-1";
			sourceTree = "<group>";
		};
		4980CAAA2425E6BE00CA5C6C /* 13-1-2 */ = {
			isa = PBXGroup;
			children = (
				4980CAAB2425E6BE00CA5C6C /* main.cpp */,
			);
			path = "13-1-2";
			sourceTree = "<group>";
		};
		4980CAB52425F6AF00CA5C6C /* 13-1-3 */ = {
			isa = PBXGroup;
			children = (
				4980CAB62425F6AF00CA5C6C /* main.cpp */,
			);
			path = "13-1-3";
			sourceTree = "<group>";
		};
		4980CAC02425F77900CA5C6C /* 13-1-4 */ = {
			isa = PBXGroup;
			children = (
				4980CAC12425F77900CA5C6C /* main.cpp */,
			);
			path = "13-1-4";
			sourceTree = "<group>";
		};
		49850CD824ADD3F200F47E49 /* 20-1 */ = {
			isa = PBXGroup;
			children = (
				49850CD924ADD3F200F47E49 /* main.c */,
			);
			path = "20-1";
			sourceTree = "<group>";
		};
		49A92120243320C9009825D3 /* 16-1-1 */ = {
			isa = PBXGroup;
			children = (
				49A92121243320C9009825D3 /* main.cpp */,
			);
			path = "16-1-1";
			sourceTree = "<group>";
		};
		49A9212B243323D3009825D3 /* 16-1-2 */ = {
			isa = PBXGroup;
			children = (
				49A9212C243323D3009825D3 /* main.cpp */,
			);
			path = "16-1-2";
			sourceTree = "<group>";
		};
		49A9213624332528009825D3 /* 16-1-3 */ = {
			isa = PBXGroup;
			children = (
				49A9213724332528009825D3 /* main.cpp */,
			);
			path = "16-1-3";
			sourceTree = "<group>";
		};
		49CB7229242DE92A00F9C7E8 /* 15-1 */ = {
			isa = PBXGroup;
			children = (
				49CB722A242DE92A00F9C7E8 /* main.cpp */,
			);
			path = "15-1";
			sourceTree = "<group>";
		};
		49CB7234242DEE7900F9C7E8 /* 15-2 */ = {
			isa = PBXGroup;
			children = (
				49CB7235242DEE7900F9C7E8 /* main.cpp */,
			);
			path = "15-2";
			sourceTree = "<group>";
		};
		49CB723F242E23A400F9C7E8 /* 15-3 */ = {
			isa = PBXGroup;
			children = (
				49CB7240242E23A500F9C7E8 /* main.cpp */,
			);
			path = "15-3";
			sourceTree = "<group>";
		};
		49CB724A242E2F9200F9C7E8 /* 15-4 */ = {
			isa = PBXGroup;
			children = (
				49CB724B242E2F9200F9C7E8 /* main.cpp */,
			);
			path = "15-4";
			sourceTree = "<group>";
		};
		49CB7BB6242F272500286C06 /* 15-5 */ = {
			isa = PBXGroup;
			children = (
				49CB7BB7242F272500286C06 /* main.cpp */,
			);
			path = "15-5";
			sourceTree = "<group>";
		};
		49D22A642428AC1600012B84 /* 14-1-1 */ = {
			isa = PBXGroup;
			children = (
				49D22A652428AC1600012B84 /* main.cpp */,
			);
			path = "14-1-1";
			sourceTree = "<group>";
		};
		49D22A6F2428AE6700012B84 /* 14-1-2 */ = {
			isa = PBXGroup;
			children = (
				49D22A702428AE6700012B84 /* main.cpp */,
			);
			path = "14-1-2";
			sourceTree = "<group>";
		};
		49D22A7A2428B1AA00012B84 /* 14-2-1 */ = {
			isa = PBXGroup;
			children = (
				49D22A7B2428B1AA00012B84 /* main.cpp */,
			);
			path = "14-2-1";
			sourceTree = "<group>";
		};
		49D22A852428B27300012B84 /* 14-2-2 */ = {
			isa = PBXGroup;
			children = (
				49D22A862428B27300012B84 /* main.cpp */,
			);
			path = "14-2-2";
			sourceTree = "<group>";
		};
		49F9B4602424FDA700BB8628 /* 11-2-2 */ = {
			isa = PBXGroup;
			children = (
				49F9B4612424FDA700BB8628 /* main.cpp */,
			);
			path = "11-2-2";
			sourceTree = "<group>";
		};
		49F9B46B2425021C00BB8628 /* 11-2-3 */ = {
			isa = PBXGroup;
			children = (
				49F9B46C2425021C00BB8628 /* main.cpp */,
			);
			path = "11-2-3";
			sourceTree = "<group>";
		};
/* End PBXGroup section */

/* Begin PBXNativeTarget section */
		49112170242356CD006ABF22 /* 11-1-2 */ = {
			isa = PBXNativeTarget;
			buildConfigurationList = 49112175242356CD006ABF22 /* Build configuration list for PBXNativeTarget "11-1-2" */;
			buildPhases = (
				4911216D242356CD006ABF22 /* Sources */,
				4911216E242356CD006ABF22 /* Frameworks */,
				4911216F242356CD006ABF22 /* CopyFiles */,
			);
			buildRules = (
			);
			dependencies = (
			);
			name = "11-1-2";
			productName = "11-1-2";
			productReference = 49112171242356CD006ABF22 /* 11-1-2 */;
			productType = "com.apple.product-type.tool";
		};
		4911217B242359D8006ABF22 /* 11-1-1 */ = {
			isa = PBXNativeTarget;
			buildConfigurationList = 49112180242359D8006ABF22 /* Build configuration list for PBXNativeTarget "11-1-1" */;
			buildPhases = (
				49112178242359D8006ABF22 /* Sources */,
				49112179242359D8006ABF22 /* Frameworks */,
				4911217A242359D8006ABF22 /* CopyFiles */,
			);
			buildRules = (
			);
			dependencies = (
			);
			name = "11-1-1";
			productName = "11-1-1";
			productReference = 4911217C242359D8006ABF22 /* 11-1-1 */;
			productType = "com.apple.product-type.tool";
		};
		4911218A24235D55006ABF22 /* 11-2-1 */ = {
			isa = PBXNativeTarget;
			buildConfigurationList = 4911218F24235D55006ABF22 /* Build configuration list for PBXNativeTarget "11-2-1" */;
			buildPhases = (
				4911218724235D55006ABF22 /* Sources */,
				4911218824235D55006ABF22 /* Frameworks */,
				4911218924235D55006ABF22 /* CopyFiles */,
			);
			buildRules = (
			);
			dependencies = (
			);
			name = "11-2-1";
			productName = "11-2-1";
			productReference = 4911218B24235D55006ABF22 /* 11-2-1 */;
			productType = "com.apple.product-type.tool";
		};
		49609797243DB270000A3559 /* 17-1 */ = {
			isa = PBXNativeTarget;
			buildConfigurationList = 4960979E243DB270000A3559 /* Build configuration list for PBXNativeTarget "17-1" */;
			buildPhases = (
				49609794243DB270000A3559 /* Sources */,
				49609795243DB270000A3559 /* Frameworks */,
				49609796243DB270000A3559 /* CopyFiles */,
			);
			buildRules = (
			);
			dependencies = (
			);
			name = "17-1";
			productName = "17-1";
			productReference = 49609798243DB270000A3559 /* 17-1 */;
			productType = "com.apple.product-type.tool";
		};
		4980CA872425D33C00CA5C6C /* 12-1-1 */ = {
			isa = PBXNativeTarget;
			buildConfigurationList = 4980CA8E2425D33D00CA5C6C /* Build configuration list for PBXNativeTarget "12-1-1" */;
			buildPhases = (
				4980CA842425D33C00CA5C6C /* Sources */,
				4980CA852425D33C00CA5C6C /* Frameworks */,
				4980CA862425D33C00CA5C6C /* CopyFiles */,
			);
			buildRules = (
			);
			dependencies = (
			);
			name = "12-1-1";
			productName = "12-1-1";
			productReference = 4980CA882425D33C00CA5C6C /* 12-1-1 */;
			productType = "com.apple.product-type.tool";
		};
		4980CA922425D5C400CA5C6C /* 12-1-2 */ = {
			isa = PBXNativeTarget;
			buildConfigurationList = 4980CA972425D5C400CA5C6C /* Build configuration list for PBXNativeTarget "12-1-2" */;
			buildPhases = (
				4980CA8F2425D5C400CA5C6C /* Sources */,
				4980CA902425D5C400CA5C6C /* Frameworks */,
				4980CA912425D5C400CA5C6C /* CopyFiles */,
			);
			buildRules = (
			);
			dependencies = (
			);
			name = "12-1-2";
			productName = "12-1-2";
			productReference = 4980CA932425D5C400CA5C6C /* 12-1-2 */;
			productType = "com.apple.product-type.tool";
		};
		4980CA9D2425D7D100CA5C6C /* 13-1-1 */ = {
			isa = PBXNativeTarget;
			buildConfigurationList = 4980CAA22425D7D100CA5C6C /* Build configuration list for PBXNativeTarget "13-1-1" */;
			buildPhases = (
				4980CA9A2425D7D100CA5C6C /* Sources */,
				4980CA9B2425D7D100CA5C6C /* Frameworks */,
				4980CA9C2425D7D100CA5C6C /* CopyFiles */,
			);
			buildRules = (
			);
			dependencies = (
			);
			name = "13-1-1";
			productName = "13-1-1";
			productReference = 4980CA9E2425D7D100CA5C6C /* 13-1-1 */;
			productType = "com.apple.product-type.tool";
		};
		4980CAA82425E6BE00CA5C6C /* 13-1-2 */ = {
			isa = PBXNativeTarget;
			buildConfigurationList = 4980CAAD2425E6BE00CA5C6C /* Build configuration list for PBXNativeTarget "13-1-2" */;
			buildPhases = (
				4980CAA52425E6BE00CA5C6C /* Sources */,
				4980CAA62425E6BE00CA5C6C /* Frameworks */,
				4980CAA72425E6BE00CA5C6C /* CopyFiles */,
			);
			buildRules = (
			);
			dependencies = (
			);
			name = "13-1-2";
			productName = "13-1-2";
			productReference = 4980CAA92425E6BE00CA5C6C /* 13-1-2 */;
			productType = "com.apple.product-type.tool";
		};
		4980CAB32425F6AF00CA5C6C /* 13-1-3 */ = {
			isa = PBXNativeTarget;
			buildConfigurationList = 4980CAB82425F6AF00CA5C6C /* Build configuration list for PBXNativeTarget "13-1-3" */;
			buildPhases = (
				4980CAB02425F6AF00CA5C6C /* Sources */,
				4980CAB12425F6AF00CA5C6C /* Frameworks */,
				4980CAB22425F6AF00CA5C6C /* CopyFiles */,
			);
			buildRules = (
			);
			dependencies = (
			);
			name = "13-1-3";
			productName = "13-1-3";
			productReference = 4980CAB42425F6AF00CA5C6C /* 13-1-3 */;
			productType = "com.apple.product-type.tool";
		};
		4980CABE2425F77900CA5C6C /* 13-1-4 */ = {
			isa = PBXNativeTarget;
			buildConfigurationList = 4980CAC32425F77900CA5C6C /* Build configuration list for PBXNativeTarget "13-1-4" */;
			buildPhases = (
				4980CABB2425F77900CA5C6C /* Sources */,
				4980CABC2425F77900CA5C6C /* Frameworks */,
				4980CABD2425F77900CA5C6C /* CopyFiles */,
			);
			buildRules = (
			);
			dependencies = (
			);
			name = "13-1-4";
			productName = "13-1-4";
			productReference = 4980CABF2425F77900CA5C6C /* 13-1-4 */;
			productType = "com.apple.product-type.tool";
		};
		49850CD624ADD3F200F47E49 /* 20-1 */ = {
			isa = PBXNativeTarget;
			buildConfigurationList = 49850CDD24ADD3F200F47E49 /* Build configuration list for PBXNativeTarget "20-1" */;
			buildPhases = (
				49850CD324ADD3F200F47E49 /* Sources */,
				49850CD424ADD3F200F47E49 /* Frameworks */,
				49850CD524ADD3F200F47E49 /* CopyFiles */,
			);
			buildRules = (
			);
			dependencies = (
			);
			name = "20-1";
			productName = "20-1";
			productReference = 49850CD724ADD3F200F47E49 /* 20-1 */;
			productType = "com.apple.product-type.tool";
		};
		49A9211E243320C9009825D3 /* 16-1-1 */ = {
			isa = PBXNativeTarget;
			buildConfigurationList = 49A92125243320C9009825D3 /* Build configuration list for PBXNativeTarget "16-1-1" */;
			buildPhases = (
				49A9211B243320C9009825D3 /* Sources */,
				49A9211C243320C9009825D3 /* Frameworks */,
				49A9211D243320C9009825D3 /* CopyFiles */,
			);
			buildRules = (
			);
			dependencies = (
			);
			name = "16-1-1";
			productName = "16-1-1";
			productReference = 49A9211F243320C9009825D3 /* 16-1-1 */;
			productType = "com.apple.product-type.tool";
		};
		49A92129243323D3009825D3 /* 16-1-2 */ = {
			isa = PBXNativeTarget;
			buildConfigurationList = 49A9212E243323D3009825D3 /* Build configuration list for PBXNativeTarget "16-1-2" */;
			buildPhases = (
				49A92126243323D3009825D3 /* Sources */,
				49A92127243323D3009825D3 /* Frameworks */,
				49A92128243323D3009825D3 /* CopyFiles */,
			);
			buildRules = (
			);
			dependencies = (
			);
			name = "16-1-2";
			productName = "16-1-2";
			productReference = 49A9212A243323D3009825D3 /* 16-1-2 */;
			productType = "com.apple.product-type.tool";
		};
		49A9213424332528009825D3 /* 16-1-3 */ = {
			isa = PBXNativeTarget;
			buildConfigurationList = 49A9213924332528009825D3 /* Build configuration list for PBXNativeTarget "16-1-3" */;
			buildPhases = (
				49A9213124332528009825D3 /* Sources */,
				49A9213224332528009825D3 /* Frameworks */,
				49A9213324332528009825D3 /* CopyFiles */,
			);
			buildRules = (
			);
			dependencies = (
			);
			name = "16-1-3";
			productName = "16-1-3";
			productReference = 49A9213524332528009825D3 /* 16-1-3 */;
			productType = "com.apple.product-type.tool";
		};
		49CB7227242DE92A00F9C7E8 /* 15-1 */ = {
			isa = PBXNativeTarget;
			buildConfigurationList = 49CB722E242DE92A00F9C7E8 /* Build configuration list for PBXNativeTarget "15-1" */;
			buildPhases = (
				49CB7224242DE92A00F9C7E8 /* Sources */,
				49CB7225242DE92A00F9C7E8 /* Frameworks */,
				49CB7226242DE92A00F9C7E8 /* CopyFiles */,
			);
			buildRules = (
			);
			dependencies = (
			);
			name = "15-1";
			productName = "15-1";
			productReference = 49CB7228242DE92A00F9C7E8 /* 15-1 */;
			productType = "com.apple.product-type.tool";
		};
		49CB7232242DEE7900F9C7E8 /* 15-2 */ = {
			isa = PBXNativeTarget;
			buildConfigurationList = 49CB7237242DEE7900F9C7E8 /* Build configuration list for PBXNativeTarget "15-2" */;
			buildPhases = (
				49CB722F242DEE7900F9C7E8 /* Sources */,
				49CB7230242DEE7900F9C7E8 /* Frameworks */,
				49CB7231242DEE7900F9C7E8 /* CopyFiles */,
			);
			buildRules = (
			);
			dependencies = (
			);
			name = "15-2";
			productName = "15-2";
			productReference = 49CB7233242DEE7900F9C7E8 /* 15-2 */;
			productType = "com.apple.product-type.tool";
		};
		49CB723D242E23A400F9C7E8 /* 15-3 */ = {
			isa = PBXNativeTarget;
			buildConfigurationList = 49CB7242242E23A500F9C7E8 /* Build configuration list for PBXNativeTarget "15-3" */;
			buildPhases = (
				49CB723A242E23A400F9C7E8 /* Sources */,
				49CB723B242E23A400F9C7E8 /* Frameworks */,
				49CB723C242E23A400F9C7E8 /* CopyFiles */,
			);
			buildRules = (
			);
			dependencies = (
			);
			name = "15-3";
			productName = "15-3";
			productReference = 49CB723E242E23A400F9C7E8 /* 15-3 */;
			productType = "com.apple.product-type.tool";
		};
		49CB7248242E2F9100F9C7E8 /* 15-4 */ = {
			isa = PBXNativeTarget;
			buildConfigurationList = 49CB724D242E2F9200F9C7E8 /* Build configuration list for PBXNativeTarget "15-4" */;
			buildPhases = (
				49CB7245242E2F9100F9C7E8 /* Sources */,
				49CB7246242E2F9100F9C7E8 /* Frameworks */,
				49CB7247242E2F9100F9C7E8 /* CopyFiles */,
			);
			buildRules = (
			);
			dependencies = (
			);
			name = "15-4";
			productName = "15-4";
			productReference = 49CB7249242E2F9100F9C7E8 /* 15-4 */;
			productType = "com.apple.product-type.tool";
		};
		49CB7BB4242F272500286C06 /* 15-5 */ = {
			isa = PBXNativeTarget;
			buildConfigurationList = 49CB7BB9242F272500286C06 /* Build configuration list for PBXNativeTarget "15-5" */;
			buildPhases = (
				49CB7BB1242F272500286C06 /* Sources */,
				49CB7BB2242F272500286C06 /* Frameworks */,
				49CB7BB3242F272500286C06 /* CopyFiles */,
			);
			buildRules = (
			);
			dependencies = (
			);
			name = "15-5";
			productName = "15-5";
			productReference = 49CB7BB5242F272500286C06 /* 15-5 */;
			productType = "com.apple.product-type.tool";
		};
		49D22A622428AC1600012B84 /* 14-1-1 */ = {
			isa = PBXNativeTarget;
			buildConfigurationList = 49D22A692428AC1600012B84 /* Build configuration list for PBXNativeTarget "14-1-1" */;
			buildPhases = (
				49D22A5F2428AC1600012B84 /* Sources */,
				49D22A602428AC1600012B84 /* Frameworks */,
				49D22A612428AC1600012B84 /* CopyFiles */,
			);
			buildRules = (
			);
			dependencies = (
			);
			name = "14-1-1";
			productName = "14-1-1";
			productReference = 49D22A632428AC1600012B84 /* 14-1-1 */;
			productType = "com.apple.product-type.tool";
		};
		49D22A6D2428AE6700012B84 /* 14-1-2 */ = {
			isa = PBXNativeTarget;
			buildConfigurationList = 49D22A722428AE6700012B84 /* Build configuration list for PBXNativeTarget "14-1-2" */;
			buildPhases = (
				49D22A6A2428AE6700012B84 /* Sources */,
				49D22A6B2428AE6700012B84 /* Frameworks */,
				49D22A6C2428AE6700012B84 /* CopyFiles */,
			);
			buildRules = (
			);
			dependencies = (
			);
			name = "14-1-2";
			productName = "14-1-2";
			productReference = 49D22A6E2428AE6700012B84 /* 14-1-2 */;
			productType = "com.apple.product-type.tool";
		};
		49D22A782428B1AA00012B84 /* 14-2-1 */ = {
			isa = PBXNativeTarget;
			buildConfigurationList = 49D22A7D2428B1AA00012B84 /* Build configuration list for PBXNativeTarget "14-2-1" */;
			buildPhases = (
				49D22A752428B1AA00012B84 /* Sources */,
				49D22A762428B1AA00012B84 /* Frameworks */,
				49D22A772428B1AA00012B84 /* CopyFiles */,
			);
			buildRules = (
			);
			dependencies = (
			);
			name = "14-2-1";
			productName = "14-2-1";
			productReference = 49D22A792428B1AA00012B84 /* 14-2-1 */;
			productType = "com.apple.product-type.tool";
		};
		49D22A832428B27300012B84 /* 14-2-2 */ = {
			isa = PBXNativeTarget;
			buildConfigurationList = 49D22A882428B27300012B84 /* Build configuration list for PBXNativeTarget "14-2-2" */;
			buildPhases = (
				49D22A802428B27300012B84 /* Sources */,
				49D22A812428B27300012B84 /* Frameworks */,
				49D22A822428B27300012B84 /* CopyFiles */,
			);
			buildRules = (
			);
			dependencies = (
			);
			name = "14-2-2";
			productName = "14-2-2";
			productReference = 49D22A842428B27300012B84 /* 14-2-2 */;
			productType = "com.apple.product-type.tool";
		};
		49F9B45E2424FDA700BB8628 /* 11-2-2 */ = {
			isa = PBXNativeTarget;
			buildConfigurationList = 49F9B4632424FDA700BB8628 /* Build configuration list for PBXNativeTarget "11-2-2" */;
			buildPhases = (
				49F9B45B2424FDA700BB8628 /* Sources */,
				49F9B45C2424FDA700BB8628 /* Frameworks */,
				49F9B45D2424FDA700BB8628 /* CopyFiles */,
			);
			buildRules = (
			);
			dependencies = (
			);
			name = "11-2-2";
			productName = "11-2-2";
			productReference = 49F9B45F2424FDA700BB8628 /* 11-2-2 */;
			productType = "com.apple.product-type.tool";
		};
		49F9B4692425021C00BB8628 /* 11-2-3 */ = {
			isa = PBXNativeTarget;
			buildConfigurationList = 49F9B46E2425021C00BB8628 /* Build configuration list for PBXNativeTarget "11-2-3" */;
			buildPhases = (
				49F9B4662425021C00BB8628 /* Sources */,
				49F9B4672425021C00BB8628 /* Frameworks */,
				49F9B4682425021C00BB8628 /* CopyFiles */,
			);
			buildRules = (
			);
			dependencies = (
			);
			name = "11-2-3";
			productName = "11-2-3";
			productReference = 49F9B46A2425021C00BB8628 /* 11-2-3 */;
			productType = "com.apple.product-type.tool";
		};
/* End PBXNativeTarget section */

/* Begin PBXProject section */
		4911215B242355A6006ABF22 /* Project object */ = {
			isa = PBXProject;
			attributes = {
				LastSwiftUpdateCheck = 1130;
				LastUpgradeCheck = 1130;
				ORGANIZATIONNAME = Corinyi;
				TargetAttributes = {
					49112170242356CD006ABF22 = {
						CreatedOnToolsVersion = 11.3.1;
					};
					4911217B242359D8006ABF22 = {
						CreatedOnToolsVersion = 11.3.1;
					};
					4911218A24235D55006ABF22 = {
						CreatedOnToolsVersion = 11.3.1;
					};
					49609797243DB270000A3559 = {
						CreatedOnToolsVersion = 11.3.1;
					};
					4980CA872425D33C00CA5C6C = {
						CreatedOnToolsVersion = 11.3.1;
					};
					4980CA922425D5C400CA5C6C = {
						CreatedOnToolsVersion = 11.3.1;
					};
					4980CA9D2425D7D100CA5C6C = {
						CreatedOnToolsVersion = 11.3.1;
					};
					4980CAA82425E6BE00CA5C6C = {
						CreatedOnToolsVersion = 11.3.1;
					};
					4980CAB32425F6AF00CA5C6C = {
						CreatedOnToolsVersion = 11.3.1;
					};
					4980CABE2425F77900CA5C6C = {
						CreatedOnToolsVersion = 11.3.1;
					};
					49850CD624ADD3F200F47E49 = {
						CreatedOnToolsVersion = 11.4.1;
					};
					49A9211E243320C9009825D3 = {
						CreatedOnToolsVersion = 11.3.1;
					};
					49A92129243323D3009825D3 = {
						CreatedOnToolsVersion = 11.3.1;
					};
					49A9213424332528009825D3 = {
						CreatedOnToolsVersion = 11.3.1;
					};
					49CB7227242DE92A00F9C7E8 = {
						CreatedOnToolsVersion = 11.3.1;
					};
					49CB7232242DEE7900F9C7E8 = {
						CreatedOnToolsVersion = 11.3.1;
					};
					49CB723D242E23A400F9C7E8 = {
						CreatedOnToolsVersion = 11.3.1;
					};
					49CB7248242E2F9100F9C7E8 = {
						CreatedOnToolsVersion = 11.3.1;
					};
					49CB7BB4242F272500286C06 = {
						CreatedOnToolsVersion = 11.3.1;
					};
					49D22A622428AC1600012B84 = {
						CreatedOnToolsVersion = 11.3.1;
					};
					49D22A6D2428AE6700012B84 = {
						CreatedOnToolsVersion = 11.3.1;
					};
					49D22A782428B1AA00012B84 = {
						CreatedOnToolsVersion = 11.3.1;
					};
					49D22A832428B27300012B84 = {
						CreatedOnToolsVersion = 11.3.1;
					};
					49F9B45E2424FDA700BB8628 = {
						CreatedOnToolsVersion = 11.3.1;
					};
					49F9B4692425021C00BB8628 = {
						CreatedOnToolsVersion = 11.3.1;
					};
				};
			};
			buildConfigurationList = 4911215E242355A6006ABF22 /* Build configuration list for PBXProject "C_master" */;
			compatibilityVersion = "Xcode 9.3";
			developmentRegion = en;
			hasScannedForEncodings = 0;
			knownRegions = (
				en,
				Base,
			);
			mainGroup = 4911215A242355A6006ABF22;
			productRefGroup = 49112164242355A7006ABF22 /* Products */;
			projectDirPath = "";
			projectRoot = "";
			targets = (
				49112170242356CD006ABF22 /* 11-1-2 */,
				4911217B242359D8006ABF22 /* 11-1-1 */,
				4911218A24235D55006ABF22 /* 11-2-1 */,
				49F9B45E2424FDA700BB8628 /* 11-2-2 */,
				49F9B4692425021C00BB8628 /* 11-2-3 */,
				4980CA872425D33C00CA5C6C /* 12-1-1 */,
				4980CA922425D5C400CA5C6C /* 12-1-2 */,
				4980CA9D2425D7D100CA5C6C /* 13-1-1 */,
				4980CAA82425E6BE00CA5C6C /* 13-1-2 */,
				4980CAB32425F6AF00CA5C6C /* 13-1-3 */,
				4980CABE2425F77900CA5C6C /* 13-1-4 */,
				49D22A622428AC1600012B84 /* 14-1-1 */,
				49D22A6D2428AE6700012B84 /* 14-1-2 */,
				49D22A782428B1AA00012B84 /* 14-2-1 */,
				49D22A832428B27300012B84 /* 14-2-2 */,
				49CB7227242DE92A00F9C7E8 /* 15-1 */,
				49CB7232242DEE7900F9C7E8 /* 15-2 */,
				49CB723D242E23A400F9C7E8 /* 15-3 */,
				49CB7248242E2F9100F9C7E8 /* 15-4 */,
				49CB7BB4242F272500286C06 /* 15-5 */,
				49A9211E243320C9009825D3 /* 16-1-1 */,
				49A92129243323D3009825D3 /* 16-1-2 */,
				49A9213424332528009825D3 /* 16-1-3 */,
				49609797243DB270000A3559 /* 17-1 */,
				49850CD624ADD3F200F47E49 /* 20-1 */,
			);
		};
/* End PBXProject section */

/* Begin PBXSourcesBuildPhase section */
		4911216D242356CD006ABF22 /* Sources */ = {
			isa = PBXSourcesBuildPhase;
			buildActionMask = 2147483647;
			files = (
				49112174242356CD006ABF22 /* main.cpp in Sources */,
			);
			runOnlyForDeploymentPostprocessing = 0;
		};
		49112178242359D8006ABF22 /* Sources */ = {
			isa = PBXSourcesBuildPhase;
			buildActionMask = 2147483647;
			files = (
				49F9B45A2424FB1D00BB8628 /* main.cpp in Sources */,
			);
			runOnlyForDeploymentPostprocessing = 0;
		};
		4911218724235D55006ABF22 /* Sources */ = {
			isa = PBXSourcesBuildPhase;
			buildActionMask = 2147483647;
			files = (
				4911218E24235D55006ABF22 /* main.cpp in Sources */,
			);
			runOnlyForDeploymentPostprocessing = 0;
		};
		49609794243DB270000A3559 /* Sources */ = {
			isa = PBXSourcesBuildPhase;
			buildActionMask = 2147483647;
			files = (
				4960979B243DB270000A3559 /* main.cpp in Sources */,
			);
			runOnlyForDeploymentPostprocessing = 0;
		};
		4980CA842425D33C00CA5C6C /* Sources */ = {
			isa = PBXSourcesBuildPhase;
			buildActionMask = 2147483647;
			files = (
				4980CA8B2425D33D00CA5C6C /* main.cpp in Sources */,
			);
			runOnlyForDeploymentPostprocessing = 0;
		};
		4980CA8F2425D5C400CA5C6C /* Sources */ = {
			isa = PBXSourcesBuildPhase;
			buildActionMask = 2147483647;
			files = (
				4980CA962425D5C400CA5C6C /* main.cpp in Sources */,
			);
			runOnlyForDeploymentPostprocessing = 0;
		};
		4980CA9A2425D7D100CA5C6C /* Sources */ = {
			isa = PBXSourcesBuildPhase;
			buildActionMask = 2147483647;
			files = (
				4980CAA12425D7D100CA5C6C /* main.cpp in Sources */,
			);
			runOnlyForDeploymentPostprocessing = 0;
		};
		4980CAA52425E6BE00CA5C6C /* Sources */ = {
			isa = PBXSourcesBuildPhase;
			buildActionMask = 2147483647;
			files = (
				4980CAAC2425E6BE00CA5C6C /* main.cpp in Sources */,
			);
			runOnlyForDeploymentPostprocessing = 0;
		};
		4980CAB02425F6AF00CA5C6C /* Sources */ = {
			isa = PBXSourcesBuildPhase;
			buildActionMask = 2147483647;
			files = (
				4980CAB72425F6AF00CA5C6C /* main.cpp in Sources */,
			);
			runOnlyForDeploymentPostprocessing = 0;
		};
		4980CABB2425F77900CA5C6C /* Sources */ = {
			isa = PBXSourcesBuildPhase;
			buildActionMask = 2147483647;
			files = (
				4980CAC22425F77900CA5C6C /* main.cpp in Sources */,
			);
			runOnlyForDeploymentPostprocessing = 0;
		};
		49850CD324ADD3F200F47E49 /* Sources */ = {
			isa = PBXSourcesBuildPhase;
			buildActionMask = 2147483647;
			files = (
				49850CDA24ADD3F200F47E49 /* main.c in Sources */,
			);
			runOnlyForDeploymentPostprocessing = 0;
		};
		49A9211B243320C9009825D3 /* Sources */ = {
			isa = PBXSourcesBuildPhase;
			buildActionMask = 2147483647;
			files = (
				49A92122243320C9009825D3 /* main.cpp in Sources */,
			);
			runOnlyForDeploymentPostprocessing = 0;
		};
		49A92126243323D3009825D3 /* Sources */ = {
			isa = PBXSourcesBuildPhase;
			buildActionMask = 2147483647;
			files = (
				49A9212D243323D3009825D3 /* main.cpp in Sources */,
			);
			runOnlyForDeploymentPostprocessing = 0;
		};
		49A9213124332528009825D3 /* Sources */ = {
			isa = PBXSourcesBuildPhase;
			buildActionMask = 2147483647;
			files = (
				49A9213824332528009825D3 /* main.cpp in Sources */,
			);
			runOnlyForDeploymentPostprocessing = 0;
		};
		49CB7224242DE92A00F9C7E8 /* Sources */ = {
			isa = PBXSourcesBuildPhase;
			buildActionMask = 2147483647;
			files = (
				49CB722B242DE92A00F9C7E8 /* main.cpp in Sources */,
			);
			runOnlyForDeploymentPostprocessing = 0;
		};
		49CB722F242DEE7900F9C7E8 /* Sources */ = {
			isa = PBXSourcesBuildPhase;
			buildActionMask = 2147483647;
			files = (
				49CB7236242DEE7900F9C7E8 /* main.cpp in Sources */,
			);
			runOnlyForDeploymentPostprocessing = 0;
		};
		49CB723A242E23A400F9C7E8 /* Sources */ = {
			isa = PBXSourcesBuildPhase;
			buildActionMask = 2147483647;
			files = (
				49CB7241242E23A500F9C7E8 /* main.cpp in Sources */,
			);
			runOnlyForDeploymentPostprocessing = 0;
		};
		49CB7245242E2F9100F9C7E8 /* Sources */ = {
			isa = PBXSourcesBuildPhase;
			buildActionMask = 2147483647;
			files = (
				49CB724C242E2F9200F9C7E8 /* main.cpp in Sources */,
			);
			runOnlyForDeploymentPostprocessing = 0;
		};
		49CB7BB1242F272500286C06 /* Sources */ = {
			isa = PBXSourcesBuildPhase;
			buildActionMask = 2147483647;
			files = (
				49CB7BB8242F272500286C06 /* main.cpp in Sources */,
			);
			runOnlyForDeploymentPostprocessing = 0;
		};
		49D22A5F2428AC1600012B84 /* Sources */ = {
			isa = PBXSourcesBuildPhase;
			buildActionMask = 2147483647;
			files = (
				49D22A662428AC1600012B84 /* main.cpp in Sources */,
			);
			runOnlyForDeploymentPostprocessing = 0;
		};
		49D22A6A2428AE6700012B84 /* Sources */ = {
			isa = PBXSourcesBuildPhase;
			buildActionMask = 2147483647;
			files = (
				49D22A712428AE6700012B84 /* main.cpp in Sources */,
			);
			runOnlyForDeploymentPostprocessing = 0;
		};
		49D22A752428B1AA00012B84 /* Sources */ = {
			isa = PBXSourcesBuildPhase;
			buildActionMask = 2147483647;
			files = (
				49D22A7C2428B1AA00012B84 /* main.cpp in Sources */,
			);
			runOnlyForDeploymentPostprocessing = 0;
		};
		49D22A802428B27300012B84 /* Sources */ = {
			isa = PBXSourcesBuildPhase;
			buildActionMask = 2147483647;
			files = (
				49D22A872428B27300012B84 /* main.cpp in Sources */,
			);
			runOnlyForDeploymentPostprocessing = 0;
		};
		49F9B45B2424FDA700BB8628 /* Sources */ = {
			isa = PBXSourcesBuildPhase;
			buildActionMask = 2147483647;
			files = (
				49F9B4622424FDA700BB8628 /* main.cpp in Sources */,
			);
			runOnlyForDeploymentPostprocessing = 0;
		};
		49F9B4662425021C00BB8628 /* Sources */ = {
			isa = PBXSourcesBuildPhase;
			buildActionMask = 2147483647;
			files = (
				49F9B46D2425021C00BB8628 /* main.cpp in Sources */,
			);
			runOnlyForDeploymentPostprocessing = 0;
		};
/* End PBXSourcesBuildPhase section */

/* Begin XCBuildConfiguration section */
		49112168242355A7006ABF22 /* Debug */ = {
			isa = XCBuildConfiguration;
			buildSettings = {
				ALWAYS_SEARCH_USER_PATHS = NO;
				CLANG_ANALYZER_NONNULL = YES;
				CLANG_ANALYZER_NUMBER_OBJECT_CONVERSION = YES_AGGRESSIVE;
				CLANG_CXX_LANGUAGE_STANDARD = "gnu++14";
				CLANG_CXX_LIBRARY = "libc++";
				CLANG_ENABLE_MODULES = YES;
				CLANG_ENABLE_OBJC_ARC = YES;
				CLANG_ENABLE_OBJC_WEAK = YES;
				CLANG_WARN_BLOCK_CAPTURE_AUTORELEASING = YES;
				CLANG_WARN_BOOL_CONVERSION = YES;
				CLANG_WARN_COMMA = YES;
				CLANG_WARN_CONSTANT_CONVERSION = YES;
				CLANG_WARN_DEPRECATED_OBJC_IMPLEMENTATIONS = YES;
				CLANG_WARN_DIRECT_OBJC_ISA_USAGE = YES_ERROR;
				CLANG_WARN_DOCUMENTATION_COMMENTS = YES;
				CLANG_WARN_EMPTY_BODY = YES;
				CLANG_WARN_ENUM_CONVERSION = YES;
				CLANG_WARN_INFINITE_RECURSION = YES;
				CLANG_WARN_INT_CONVERSION = YES;
				CLANG_WARN_NON_LITERAL_NULL_CONVERSION = YES;
				CLANG_WARN_OBJC_IMPLICIT_RETAIN_SELF = YES;
				CLANG_WARN_OBJC_LITERAL_CONVERSION = YES;
				CLANG_WARN_OBJC_ROOT_CLASS = YES_ERROR;
				CLANG_WARN_RANGE_LOOP_ANALYSIS = YES;
				CLANG_WARN_STRICT_PROTOTYPES = YES;
				CLANG_WARN_SUSPICIOUS_MOVE = YES;
				CLANG_WARN_UNGUARDED_AVAILABILITY = YES_AGGRESSIVE;
				CLANG_WARN_UNREACHABLE_CODE = YES;
				CLANG_WARN__DUPLICATE_METHOD_MATCH = YES;
				COPY_PHASE_STRIP = NO;
				DEBUG_INFORMATION_FORMAT = dwarf;
				ENABLE_STRICT_OBJC_MSGSEND = YES;
				ENABLE_TESTABILITY = YES;
				GCC_C_LANGUAGE_STANDARD = gnu11;
				GCC_DYNAMIC_NO_PIC = NO;
				GCC_NO_COMMON_BLOCKS = YES;
				GCC_OPTIMIZATION_LEVEL = 0;
				GCC_PREPROCESSOR_DEFINITIONS = (
					"DEBUG=1",
					"$(inherited)",
				);
				GCC_WARN_64_TO_32_BIT_CONVERSION = YES;
				GCC_WARN_ABOUT_RETURN_TYPE = YES_ERROR;
				GCC_WARN_UNDECLARED_SELECTOR = YES;
				GCC_WARN_UNINITIALIZED_AUTOS = YES_AGGRESSIVE;
				GCC_WARN_UNUSED_FUNCTION = YES;
				GCC_WARN_UNUSED_VARIABLE = YES;
				MACOSX_DEPLOYMENT_TARGET = 10.15;
				MTL_ENABLE_DEBUG_INFO = INCLUDE_SOURCE;
				MTL_FAST_MATH = YES;
				ONLY_ACTIVE_ARCH = YES;
				SDKROOT = macosx;
			};
			name = Debug;
		};
		49112169242355A7006ABF22 /* Release */ = {
			isa = XCBuildConfiguration;
			buildSettings = {
				ALWAYS_SEARCH_USER_PATHS = NO;
				CLANG_ANALYZER_NONNULL = YES;
				CLANG_ANALYZER_NUMBER_OBJECT_CONVERSION = YES_AGGRESSIVE;
				CLANG_CXX_LANGUAGE_STANDARD = "gnu++14";
				CLANG_CXX_LIBRARY = "libc++";
				CLANG_ENABLE_MODULES = YES;
				CLANG_ENABLE_OBJC_ARC = YES;
				CLANG_ENABLE_OBJC_WEAK = YES;
				CLANG_WARN_BLOCK_CAPTURE_AUTORELEASING = YES;
				CLANG_WARN_BOOL_CONVERSION = YES;
				CLANG_WARN_COMMA = YES;
				CLANG_WARN_CONSTANT_CONVERSION = YES;
				CLANG_WARN_DEPRECATED_OBJC_IMPLEMENTATIONS = YES;
				CLANG_WARN_DIRECT_OBJC_ISA_USAGE = YES_ERROR;
				CLANG_WARN_DOCUMENTATION_COMMENTS = YES;
				CLANG_WARN_EMPTY_BODY = YES;
				CLANG_WARN_ENUM_CONVERSION = YES;
				CLANG_WARN_INFINITE_RECURSION = YES;
				CLANG_WARN_INT_CONVERSION = YES;
				CLANG_WARN_NON_LITERAL_NULL_CONVERSION = YES;
				CLANG_WARN_OBJC_IMPLICIT_RETAIN_SELF = YES;
				CLANG_WARN_OBJC_LITERAL_CONVERSION = YES;
				CLANG_WARN_OBJC_ROOT_CLASS = YES_ERROR;
				CLANG_WARN_RANGE_LOOP_ANALYSIS = YES;
				CLANG_WARN_STRICT_PROTOTYPES = YES;
				CLANG_WARN_SUSPICIOUS_MOVE = YES;
				CLANG_WARN_UNGUARDED_AVAILABILITY = YES_AGGRESSIVE;
				CLANG_WARN_UNREACHABLE_CODE = YES;
				CLANG_WARN__DUPLICATE_METHOD_MATCH = YES;
				COPY_PHASE_STRIP = NO;
				DEBUG_INFORMATION_FORMAT = "dwarf-with-dsym";
				ENABLE_NS_ASSERTIONS = NO;
				ENABLE_STRICT_OBJC_MSGSEND = YES;
				GCC_C_LANGUAGE_STANDARD = gnu11;
				GCC_NO_COMMON_BLOCKS = YES;
				GCC_WARN_64_TO_32_BIT_CONVERSION = YES;
				GCC_WARN_ABOUT_RETURN_TYPE = YES_ERROR;
				GCC_WARN_UNDECLARED_SELECTOR = YES;
				GCC_WARN_UNINITIALIZED_AUTOS = YES_AGGRESSIVE;
				GCC_WARN_UNUSED_FUNCTION = YES;
				GCC_WARN_UNUSED_VARIABLE = YES;
				MACOSX_DEPLOYMENT_TARGET = 10.15;
				MTL_ENABLE_DEBUG_INFO = NO;
				MTL_FAST_MATH = YES;
				SDKROOT = macosx;
			};
			name = Release;
		};
		49112176242356CD006ABF22 /* Debug */ = {
			isa = XCBuildConfiguration;
			buildSettings = {
				CODE_SIGN_STYLE = Automatic;
				PRODUCT_NAME = "$(TARGET_NAME)";
			};
			name = Debug;
		};
		49112177242356CD006ABF22 /* Release */ = {
			isa = XCBuildConfiguration;
			buildSettings = {
				CODE_SIGN_STYLE = Automatic;
				PRODUCT_NAME = "$(TARGET_NAME)";
			};
			name = Release;
		};
		49112181242359D8006ABF22 /* Debug */ = {
			isa = XCBuildConfiguration;
			buildSettings = {
				CODE_SIGN_STYLE = Automatic;
				PRODUCT_NAME = "$(TARGET_NAME)";
			};
			name = Debug;
		};
		49112182242359D8006ABF22 /* Release */ = {
			isa = XCBuildConfiguration;
			buildSettings = {
				CODE_SIGN_STYLE = Automatic;
				PRODUCT_NAME = "$(TARGET_NAME)";
			};
			name = Release;
		};
		4911219024235D55006ABF22 /* Debug */ = {
			isa = XCBuildConfiguration;
			buildSettings = {
				CODE_SIGN_STYLE = Automatic;
				PRODUCT_NAME = "$(TARGET_NAME)";
			};
			name = Debug;
		};
		4911219124235D55006ABF22 /* Release */ = {
			isa = XCBuildConfiguration;
			buildSettings = {
				CODE_SIGN_STYLE = Automatic;
				PRODUCT_NAME = "$(TARGET_NAME)";
			};
			name = Release;
		};
		4960979C243DB270000A3559 /* Debug */ = {
			isa = XCBuildConfiguration;
			buildSettings = {
				CODE_SIGN_STYLE = Automatic;
				PRODUCT_NAME = "$(TARGET_NAME)";
			};
			name = Debug;
		};
		4960979D243DB270000A3559 /* Release */ = {
			isa = XCBuildConfiguration;
			buildSettings = {
				CODE_SIGN_STYLE = Automatic;
				PRODUCT_NAME = "$(TARGET_NAME)";
			};
			name = Release;
		};
		4980CA8C2425D33D00CA5C6C /* Debug */ = {
			isa = XCBuildConfiguration;
			buildSettings = {
				CODE_SIGN_STYLE = Automatic;
				PRODUCT_NAME = "$(TARGET_NAME)";
			};
			name = Debug;
		};
		4980CA8D2425D33D00CA5C6C /* Release */ = {
			isa = XCBuildConfiguration;
			buildSettings = {
				CODE_SIGN_STYLE = Automatic;
				PRODUCT_NAME = "$(TARGET_NAME)";
			};
			name = Release;
		};
		4980CA982425D5C400CA5C6C /* Debug */ = {
			isa = XCBuildConfiguration;
			buildSettings = {
				CODE_SIGN_STYLE = Automatic;
				PRODUCT_NAME = "$(TARGET_NAME)";
			};
			name = Debug;
		};
		4980CA992425D5C400CA5C6C /* Release */ = {
			isa = XCBuildConfiguration;
			buildSettings = {
				CODE_SIGN_STYLE = Automatic;
				PRODUCT_NAME = "$(TARGET_NAME)";
			};
			name = Release;
		};
		4980CAA32425D7D100CA5C6C /* Debug */ = {
			isa = XCBuildConfiguration;
			buildSettings = {
				CODE_SIGN_STYLE = Automatic;
				PRODUCT_NAME = "$(TARGET_NAME)";
			};
			name = Debug;
		};
		4980CAA42425D7D100CA5C6C /* Release */ = {
			isa = XCBuildConfiguration;
			buildSettings = {
				CODE_SIGN_STYLE = Automatic;
				PRODUCT_NAME = "$(TARGET_NAME)";
			};
			name = Release;
		};
		4980CAAE2425E6BE00CA5C6C /* Debug */ = {
			isa = XCBuildConfiguration;
			buildSettings = {
				CODE_SIGN_STYLE = Automatic;
				PRODUCT_NAME = "$(TARGET_NAME)";
			};
			name = Debug;
		};
		4980CAAF2425E6BE00CA5C6C /* Release */ = {
			isa = XCBuildConfiguration;
			buildSettings = {
				CODE_SIGN_STYLE = Automatic;
				PRODUCT_NAME = "$(TARGET_NAME)";
			};
			name = Release;
		};
		4980CAB92425F6AF00CA5C6C /* Debug */ = {
			isa = XCBuildConfiguration;
			buildSettings = {
				CODE_SIGN_STYLE = Automatic;
				PRODUCT_NAME = "$(TARGET_NAME)";
			};
			name = Debug;
		};
		4980CABA2425F6AF00CA5C6C /* Release */ = {
			isa = XCBuildConfiguration;
			buildSettings = {
				CODE_SIGN_STYLE = Automatic;
				PRODUCT_NAME = "$(TARGET_NAME)";
			};
			name = Release;
		};
		4980CAC42425F77900CA5C6C /* Debug */ = {
			isa = XCBuildConfiguration;
			buildSettings = {
				CODE_SIGN_STYLE = Automatic;
				PRODUCT_NAME = "$(TARGET_NAME)";
			};
			name = Debug;
		};
		4980CAC52425F77900CA5C6C /* Release */ = {
			isa = XCBuildConfiguration;
			buildSettings = {
				CODE_SIGN_STYLE = Automatic;
				PRODUCT_NAME = "$(TARGET_NAME)";
			};
			name = Release;
		};
		49850CDB24ADD3F200F47E49 /* Debug */ = {
			isa = XCBuildConfiguration;
			buildSettings = {
				CODE_SIGN_STYLE = Automatic;
				PRODUCT_NAME = "$(TARGET_NAME)";
			};
			name = Debug;
		};
		49850CDC24ADD3F200F47E49 /* Release */ = {
			isa = XCBuildConfiguration;
			buildSettings = {
				CODE_SIGN_STYLE = Automatic;
				PRODUCT_NAME = "$(TARGET_NAME)";
			};
			name = Release;
		};
		49A92123243320C9009825D3 /* Debug */ = {
			isa = XCBuildConfiguration;
			buildSettings = {
				CODE_SIGN_STYLE = Automatic;
				PRODUCT_NAME = "$(TARGET_NAME)";
			};
			name = Debug;
		};
		49A92124243320C9009825D3 /* Release */ = {
			isa = XCBuildConfiguration;
			buildSettings = {
				CODE_SIGN_STYLE = Automatic;
				PRODUCT_NAME = "$(TARGET_NAME)";
			};
			name = Release;
		};
		49A9212F243323D3009825D3 /* Debug */ = {
			isa = XCBuildConfiguration;
			buildSettings = {
				CODE_SIGN_STYLE = Automatic;
				PRODUCT_NAME = "$(TARGET_NAME)";
			};
			name = Debug;
		};
		49A92130243323D3009825D3 /* Release */ = {
			isa = XCBuildConfiguration;
			buildSettings = {
				CODE_SIGN_STYLE = Automatic;
				PRODUCT_NAME = "$(TARGET_NAME)";
			};
			name = Release;
		};
		49A9213A24332528009825D3 /* Debug */ = {
			isa = XCBuildConfiguration;
			buildSettings = {
				CODE_SIGN_STYLE = Automatic;
				PRODUCT_NAME = "$(TARGET_NAME)";
			};
			name = Debug;
		};
		49A9213B24332528009825D3 /* Release */ = {
			isa = XCBuildConfiguration;
			buildSettings = {
				CODE_SIGN_STYLE = Automatic;
				PRODUCT_NAME = "$(TARGET_NAME)";
			};
			name = Release;
		};
		49CB722C242DE92A00F9C7E8 /* Debug */ = {
			isa = XCBuildConfiguration;
			buildSettings = {
				CODE_SIGN_STYLE = Automatic;
				PRODUCT_NAME = "$(TARGET_NAME)";
			};
			name = Debug;
		};
		49CB722D242DE92A00F9C7E8 /* Release */ = {
			isa = XCBuildConfiguration;
			buildSettings = {
				CODE_SIGN_STYLE = Automatic;
				PRODUCT_NAME = "$(TARGET_NAME)";
			};
			name = Release;
		};
		49CB7238242DEE7900F9C7E8 /* Debug */ = {
			isa = XCBuildConfiguration;
			buildSettings = {
				CODE_SIGN_STYLE = Automatic;
				PRODUCT_NAME = "$(TARGET_NAME)";
			};
			name = Debug;
		};
		49CB7239242DEE7900F9C7E8 /* Release */ = {
			isa = XCBuildConfiguration;
			buildSettings = {
				CODE_SIGN_STYLE = Automatic;
				PRODUCT_NAME = "$(TARGET_NAME)";
			};
			name = Release;
		};
		49CB7243242E23A500F9C7E8 /* Debug */ = {
			isa = XCBuildConfiguration;
			buildSettings = {
				CODE_SIGN_STYLE = Automatic;
				PRODUCT_NAME = "$(TARGET_NAME)";
			};
			name = Debug;
		};
		49CB7244242E23A500F9C7E8 /* Release */ = {
			isa = XCBuildConfiguration;
			buildSettings = {
				CODE_SIGN_STYLE = Automatic;
				PRODUCT_NAME = "$(TARGET_NAME)";
			};
			name = Release;
		};
		49CB724E242E2F9200F9C7E8 /* Debug */ = {
			isa = XCBuildConfiguration;
			buildSettings = {
				CODE_SIGN_STYLE = Automatic;
				PRODUCT_NAME = "$(TARGET_NAME)";
			};
			name = Debug;
		};
		49CB724F242E2F9200F9C7E8 /* Release */ = {
			isa = XCBuildConfiguration;
			buildSettings = {
				CODE_SIGN_STYLE = Automatic;
				PRODUCT_NAME = "$(TARGET_NAME)";
			};
			name = Release;
		};
		49CB7BBA242F272500286C06 /* Debug */ = {
			isa = XCBuildConfiguration;
			buildSettings = {
				CODE_SIGN_STYLE = Automatic;
				PRODUCT_NAME = "$(TARGET_NAME)";
			};
			name = Debug;
		};
		49CB7BBB242F272500286C06 /* Release */ = {
			isa = XCBuildConfiguration;
			buildSettings = {
				CODE_SIGN_STYLE = Automatic;
				PRODUCT_NAME = "$(TARGET_NAME)";
			};
			name = Release;
		};
		49D22A672428AC1600012B84 /* Debug */ = {
			isa = XCBuildConfiguration;
			buildSettings = {
				CODE_SIGN_STYLE = Automatic;
				PRODUCT_NAME = "$(TARGET_NAME)";
			};
			name = Debug;
		};
		49D22A682428AC1600012B84 /* Release */ = {
			isa = XCBuildConfiguration;
			buildSettings = {
				CODE_SIGN_STYLE = Automatic;
				PRODUCT_NAME = "$(TARGET_NAME)";
			};
			name = Release;
		};
		49D22A732428AE6700012B84 /* Debug */ = {
			isa = XCBuildConfiguration;
			buildSettings = {
				CODE_SIGN_STYLE = Automatic;
				PRODUCT_NAME = "$(TARGET_NAME)";
			};
			name = Debug;
		};
		49D22A742428AE6700012B84 /* Release */ = {
			isa = XCBuildConfiguration;
			buildSettings = {
				CODE_SIGN_STYLE = Automatic;
				PRODUCT_NAME = "$(TARGET_NAME)";
			};
			name = Release;
		};
		49D22A7E2428B1AA00012B84 /* Debug */ = {
			isa = XCBuildConfiguration;
			buildSettings = {
				CODE_SIGN_STYLE = Automatic;
				PRODUCT_NAME = "$(TARGET_NAME)";
			};
			name = Debug;
		};
		49D22A7F2428B1AA00012B84 /* Release */ = {
			isa = XCBuildConfiguration;
			buildSettings = {
				CODE_SIGN_STYLE = Automatic;
				PRODUCT_NAME = "$(TARGET_NAME)";
			};
			name = Release;
		};
		49D22A892428B27300012B84 /* Debug */ = {
			isa = XCBuildConfiguration;
			buildSettings = {
				CODE_SIGN_STYLE = Automatic;
				PRODUCT_NAME = "$(TARGET_NAME)";
			};
			name = Debug;
		};
		49D22A8A2428B27300012B84 /* Release */ = {
			isa = XCBuildConfiguration;
			buildSettings = {
				CODE_SIGN_STYLE = Automatic;
				PRODUCT_NAME = "$(TARGET_NAME)";
			};
			name = Release;
		};
		49F9B4642424FDA700BB8628 /* Debug */ = {
			isa = XCBuildConfiguration;
			buildSettings = {
				CODE_SIGN_STYLE = Automatic;
				PRODUCT_NAME = "$(TARGET_NAME)";
			};
			name = Debug;
		};
		49F9B4652424FDA700BB8628 /* Release */ = {
			isa = XCBuildConfiguration;
			buildSettings = {
				CODE_SIGN_STYLE = Automatic;
				PRODUCT_NAME = "$(TARGET_NAME)";
			};
			name = Release;
		};
		49F9B46F2425021C00BB8628 /* Debug */ = {
			isa = XCBuildConfiguration;
			buildSettings = {
				CODE_SIGN_STYLE = Automatic;
				PRODUCT_NAME = "$(TARGET_NAME)";
			};
			name = Debug;
		};
		49F9B4702425021C00BB8628 /* Release */ = {
			isa = XCBuildConfiguration;
			buildSettings = {
				CODE_SIGN_STYLE = Automatic;
				PRODUCT_NAME = "$(TARGET_NAME)";
			};
			name = Release;
		};
/* End XCBuildConfiguration section */

/* Begin XCConfigurationList section */
		4911215E242355A6006ABF22 /* Build configuration list for PBXProject "C_master" */ = {
			isa = XCConfigurationList;
			buildConfigurations = (
				49112168242355A7006ABF22 /* Debug */,
				49112169242355A7006ABF22 /* Release */,
			);
			defaultConfigurationIsVisible = 0;
			defaultConfigurationName = Release;
		};
		49112175242356CD006ABF22 /* Build configuration list for PBXNativeTarget "11-1-2" */ = {
			isa = XCConfigurationList;
			buildConfigurations = (
				49112176242356CD006ABF22 /* Debug */,
				49112177242356CD006ABF22 /* Release */,
			);
			defaultConfigurationIsVisible = 0;
			defaultConfigurationName = Release;
		};
		49112180242359D8006ABF22 /* Build configuration list for PBXNativeTarget "11-1-1" */ = {
			isa = XCConfigurationList;
			buildConfigurations = (
				49112181242359D8006ABF22 /* Debug */,
				49112182242359D8006ABF22 /* Release */,
			);
			defaultConfigurationIsVisible = 0;
			defaultConfigurationName = Release;
		};
		4911218F24235D55006ABF22 /* Build configuration list for PBXNativeTarget "11-2-1" */ = {
			isa = XCConfigurationList;
			buildConfigurations = (
				4911219024235D55006ABF22 /* Debug */,
				4911219124235D55006ABF22 /* Release */,
			);
			defaultConfigurationIsVisible = 0;
			defaultConfigurationName = Release;
		};
		4960979E243DB270000A3559 /* Build configuration list for PBXNativeTarget "17-1" */ = {
			isa = XCConfigurationList;
			buildConfigurations = (
				4960979C243DB270000A3559 /* Debug */,
				4960979D243DB270000A3559 /* Release */,
			);
			defaultConfigurationIsVisible = 0;
			defaultConfigurationName = Release;
		};
		4980CA8E2425D33D00CA5C6C /* Build configuration list for PBXNativeTarget "12-1-1" */ = {
			isa = XCConfigurationList;
			buildConfigurations = (
				4980CA8C2425D33D00CA5C6C /* Debug */,
				4980CA8D2425D33D00CA5C6C /* Release */,
			);
			defaultConfigurationIsVisible = 0;
			defaultConfigurationName = Release;
		};
		4980CA972425D5C400CA5C6C /* Build configuration list for PBXNativeTarget "12-1-2" */ = {
			isa = XCConfigurationList;
			buildConfigurations = (
				4980CA982425D5C400CA5C6C /* Debug */,
				4980CA992425D5C400CA5C6C /* Release */,
			);
			defaultConfigurationIsVisible = 0;
			defaultConfigurationName = Release;
		};
		4980CAA22425D7D100CA5C6C /* Build configuration list for PBXNativeTarget "13-1-1" */ = {
			isa = XCConfigurationList;
			buildConfigurations = (
				4980CAA32425D7D100CA5C6C /* Debug */,
				4980CAA42425D7D100CA5C6C /* Release */,
			);
			defaultConfigurationIsVisible = 0;
			defaultConfigurationName = Release;
		};
		4980CAAD2425E6BE00CA5C6C /* Build configuration list for PBXNativeTarget "13-1-2" */ = {
			isa = XCConfigurationList;
			buildConfigurations = (
				4980CAAE2425E6BE00CA5C6C /* Debug */,
				4980CAAF2425E6BE00CA5C6C /* Release */,
			);
			defaultConfigurationIsVisible = 0;
			defaultConfigurationName = Release;
		};
		4980CAB82425F6AF00CA5C6C /* Build configuration list for PBXNativeTarget "13-1-3" */ = {
			isa = XCConfigurationList;
			buildConfigurations = (
				4980CAB92425F6AF00CA5C6C /* Debug */,
				4980CABA2425F6AF00CA5C6C /* Release */,
			);
			defaultConfigurationIsVisible = 0;
			defaultConfigurationName = Release;
		};
		4980CAC32425F77900CA5C6C /* Build configuration list for PBXNativeTarget "13-1-4" */ = {
			isa = XCConfigurationList;
			buildConfigurations = (
				4980CAC42425F77900CA5C6C /* Debug */,
				4980CAC52425F77900CA5C6C /* Release */,
			);
			defaultConfigurationIsVisible = 0;
			defaultConfigurationName = Release;
		};
		49850CDD24ADD3F200F47E49 /* Build configuration list for PBXNativeTarget "20-1" */ = {
			isa = XCConfigurationList;
			buildConfigurations = (
				49850CDB24ADD3F200F47E49 /* Debug */,
				49850CDC24ADD3F200F47E49 /* Release */,
			);
			defaultConfigurationIsVisible = 0;
			defaultConfigurationName = Release;
		};
		49A92125243320C9009825D3 /* Build configuration list for PBXNativeTarget "16-1-1" */ = {
			isa = XCConfigurationList;
			buildConfigurations = (
				49A92123243320C9009825D3 /* Debug */,
				49A92124243320C9009825D3 /* Release */,
			);
			defaultConfigurationIsVisible = 0;
			defaultConfigurationName = Release;
		};
		49A9212E243323D3009825D3 /* Build configuration list for PBXNativeTarget "16-1-2" */ = {
			isa = XCConfigurationList;
			buildConfigurations = (
				49A9212F243323D3009825D3 /* Debug */,
				49A92130243323D3009825D3 /* Release */,
			);
			defaultConfigurationIsVisible = 0;
			defaultConfigurationName = Release;
		};
		49A9213924332528009825D3 /* Build configuration list for PBXNativeTarget "16-1-3" */ = {
			isa = XCConfigurationList;
			buildConfigurations = (
				49A9213A24332528009825D3 /* Debug */,
				49A9213B24332528009825D3 /* Release */,
			);
			defaultConfigurationIsVisible = 0;
			defaultConfigurationName = Release;
		};
		49CB722E242DE92A00F9C7E8 /* Build configuration list for PBXNativeTarget "15-1" */ = {
			isa = XCConfigurationList;
			buildConfigurations = (
				49CB722C242DE92A00F9C7E8 /* Debug */,
				49CB722D242DE92A00F9C7E8 /* Release */,
			);
			defaultConfigurationIsVisible = 0;
			defaultConfigurationName = Release;
		};
		49CB7237242DEE7900F9C7E8 /* Build configuration list for PBXNativeTarget "15-2" */ = {
			isa = XCConfigurationList;
			buildConfigurations = (
				49CB7238242DEE7900F9C7E8 /* Debug */,
				49CB7239242DEE7900F9C7E8 /* Release */,
			);
			defaultConfigurationIsVisible = 0;
			defaultConfigurationName = Release;
		};
		49CB7242242E23A500F9C7E8 /* Build configuration list for PBXNativeTarget "15-3" */ = {
			isa = XCConfigurationList;
			buildConfigurations = (
				49CB7243242E23A500F9C7E8 /* Debug */,
				49CB7244242E23A500F9C7E8 /* Release */,
			);
			defaultConfigurationIsVisible = 0;
			defaultConfigurationName = Release;
		};
		49CB724D242E2F9200F9C7E8 /* Build configuration list for PBXNativeTarget "15-4" */ = {
			isa = XCConfigurationList;
			buildConfigurations = (
				49CB724E242E2F9200F9C7E8 /* Debug */,
				49CB724F242E2F9200F9C7E8 /* Release */,
			);
			defaultConfigurationIsVisible = 0;
			defaultConfigurationName = Release;
		};
		49CB7BB9242F272500286C06 /* Build configuration list for PBXNativeTarget "15-5" */ = {
			isa = XCConfigurationList;
			buildConfigurations = (
				49CB7BBA242F272500286C06 /* Debug */,
				49CB7BBB242F272500286C06 /* Release */,
			);
			defaultConfigurationIsVisible = 0;
			defaultConfigurationName = Release;
		};
		49D22A692428AC1600012B84 /* Build configuration list for PBXNativeTarget "14-1-1" */ = {
			isa = XCConfigurationList;
			buildConfigurations = (
				49D22A672428AC1600012B84 /* Debug */,
				49D22A682428AC1600012B84 /* Release */,
			);
			defaultConfigurationIsVisible = 0;
			defaultConfigurationName = Release;
		};
		49D22A722428AE6700012B84 /* Build configuration list for PBXNativeTarget "14-1-2" */ = {
			isa = XCConfigurationList;
			buildConfigurations = (
				49D22A732428AE6700012B84 /* Debug */,
				49D22A742428AE6700012B84 /* Release */,
			);
			defaultConfigurationIsVisible = 0;
			defaultConfigurationName = Release;
		};
		49D22A7D2428B1AA00012B84 /* Build configuration list for PBXNativeTarget "14-2-1" */ = {
			isa = XCConfigurationList;
			buildConfigurations = (
				49D22A7E2428B1AA00012B84 /* Debug */,
				49D22A7F2428B1AA00012B84 /* Release */,
			);
			defaultConfigurationIsVisible = 0;
			defaultConfigurationName = Release;
		};
		49D22A882428B27300012B84 /* Build configuration list for PBXNativeTarget "14-2-2" */ = {
			isa = XCConfigurationList;
			buildConfigurations = (
				49D22A892428B27300012B84 /* Debug */,
				49D22A8A2428B27300012B84 /* Release */,
			);
			defaultConfigurationIsVisible = 0;
			defaultConfigurationName = Release;
		};
		49F9B4632424FDA700BB8628 /* Build configuration list for PBXNativeTarget "11-2-2" */ = {
			isa = XCConfigurationList;
			buildConfigurations = (
				49F9B4642424FDA700BB8628 /* Debug */,
				49F9B4652424FDA700BB8628 /* Release */,
			);
			defaultConfigurationIsVisible = 0;
			defaultConfigurationName = Release;
		};
		49F9B46E2425021C00BB8628 /* Build configuration list for PBXNativeTarget "11-2-3" */ = {
			isa = XCConfigurationList;
			buildConfigurations = (
				49F9B46F2425021C00BB8628 /* Debug */,
				49F9B4702425021C00BB8628 /* Release */,
			);
			defaultConfigurationIsVisible = 0;
			defaultConfigurationName = Release;
		};
/* End XCConfigurationList section */
	};
	rootObject = 4911215B242355A6006ABF22 /* Project object */;
}
